
Microsoft Visual Studio Solution File, Format Version 12.00
# Visual Studio Version 17
VisualStudioVersion = 17.6.33815.320
MinimumVisualStudioVersion = 10.0.40219.1
Project("{FAE04EC0-301F-11D3-BF4B-00C04F79EFBC}") = "Multicars", "Multicars\Multicars.csproj", "{6F51C650-FE4E-4FC8-8AD4-2C29BE239DEE}"
EndProject
Global
	GlobalSection(SolutionConfigurationPlatforms) = preSolution
		Debug|Any CPU = Debug|Any CPU
		Release|Any CPU = Release|Any CPU
	EndGlobalSection
	GlobalSection(ProjectConfigurationPlatforms) = postSolution
		{6F51C650-FE4E-4FC8-8AD4-2C29BE239DEE}.Debug|Any CPU.ActiveCfg = Debug|Any CPU
		{6F51C650-FE4E-4FC8-8AD4-2C29BE239DEE}.Debug|Any CPU.Build.0 = Debug|Any CPU
		{6F51C650-FE4E-4FC8-8AD4-2C29BE239DEE}.Release|Any CPU.ActiveCfg = Release|Any CPU
		{6F51C650-FE4E-4FC8-8AD4-2C29BE239DEE}.Release|Any CPU.Build.0 = Release|Any CPU
	EndGlobalSection
	GlobalSection(SolutionProperties) = preSolution
		HideSolutionNode = FALSE
	EndGlobalSection
	GlobalSection(ExtensibilityGlobals) = postSolution
		SolutionGuid = {1392927B-5FC8-485F-B3BF-E77DC5C1B59D}
	EndGlobalSection
EndGlobal
